
Microsoft Visual Studio Solution File, Format Version 12.00
# Visual Studio Version 16
VisualStudioVersion = 16.0.30907.101
MinimumVisualStudioVersion = 10.0.40219.1
Project("{FAE04EC0-301F-11D3-BF4B-00C04F79EFBC}") = "Airbnb-DSS", "Airbnb-DSS\Airbnb-DSS.csproj", "{D6B9256C-4905-4608-A290-85535DBC2AAE}"
EndProject
Global
	GlobalSection(SolutionConfigurationPlatforms) = preSolution
		Debug|Any CPU = Debug|Any CPU
		Release|Any CPU = Release|Any CPU
	EndGlobalSection
	GlobalSection(ProjectConfigurationPlatforms) = postSolution
		{D6B9256C-4905-4608-A290-85535DBC2AAE}.Debug|Any CPU.ActiveCfg = Debug|Any CPU
		{D6B9256C-4905-4608-A290-85535DBC2AAE}.Debug|Any CPU.Build.0 = Debug|Any CPU
		{D6B9256C-4905-4608-A290-85535DBC2AAE}.Release|Any CPU.ActiveCfg = Release|Any CPU
		{D6B9256C-4905-4608-A290-85535DBC2AAE}.Release|Any CPU.Build.0 = Release|Any CPU
	EndGlobalSection
	GlobalSection(SolutionProperties) = preSolution
		HideSolutionNode = FALSE
	EndGlobalSection
	GlobalSection(ExtensibilityGlobals) = postSolution
		SolutionGuid = {7AD538FB-2DD8-4105-A8E2-4A1D1CDB3C9E}
	EndGlobalSection
EndGlobal
